
Microsoft Visual Studio Solution File, Format Version 12.00
# Visual Studio Version 17
VisualStudioVersion = 17.11.35327.3
MinimumVisualStudioVersion = 10.0.40219.1
Project("{FAE04EC0-301F-11D3-BF4B-00C04F79EFBC}") = "Animation", "Animation\Animation.csproj", "{CEBAFE1B-4F5C-4045-ABA1-0374232A1EAD}"
EndProject
Global
	GlobalSection(SolutionConfigurationPlatforms) = preSolution
		Debug|Any CPU = Debug|Any CPU
		Release|Any CPU = Release|Any CPU
	EndGlobalSection
	GlobalSection(ProjectConfigurationPlatforms) = postSolution
		{CEBAFE1B-4F5C-4045-ABA1-0374232A1EAD}.Debug|Any CPU.ActiveCfg = Debug|Any CPU
		{CEBAFE1B-4F5C-4045-ABA1-0374232A1EAD}.Debug|Any CPU.Build.0 = Debug|Any CPU
		{CEBAFE1B-4F5C-4045-ABA1-0374232A1EAD}.Release|Any CPU.ActiveCfg = Release|Any CPU
		{CEBAFE1B-4F5C-4045-ABA1-0374232A1EAD}.Release|Any CPU.Build.0 = Release|Any CPU
	EndGlobalSection
	GlobalSection(SolutionProperties) = preSolution
		HideSolutionNode = FALSE
	EndGlobalSection
	GlobalSection(ExtensibilityGlobals) = postSolution
		SolutionGuid = {B64770BB-51E6-4EB7-B014-17D7F21BD5DC}
	EndGlobalSection
EndGlobal
